
Microsoft Visual Studio Solution File, Format Version 12.00
# Visual Studio Version 17
VisualStudioVersion = 17.5.002.0
MinimumVisualStudioVersion = 10.0.40219.1
Project("{2150E333-8FDC-42A3-9474-1A3956D46DE8}") = "BehaviouralPatterns", "BehaviouralPatterns", "{E9F2BE61-3E77-4442-BFE4-2981F74586D1}"
EndProject
Project("{9A19103F-16F7-4668-BE54-9A1E7A4F7556}") = "MementoPattern", "BehaviouralPatterns\MementoPattern\MementoPattern.csproj", "{DAFDB863-C88D-4850-AF5C-C875CD6345F8}"
EndProject
Project("{FAE04EC0-301F-11D3-BF4B-00C04F79EFBC}") = "StatePattern", "BehaviouralPatterns\StatePattern\StatePattern.csproj", "{2A2D11F4-DC41-4D8F-B19F-A64E6BCD1E5F}"
EndProject
Project("{FAE04EC0-301F-11D3-BF4B-00C04F79EFBC}") = "IteratorPattern", "BehaviouralPatterns\IteratorPattern\IteratorPattern.csproj", "{09721756-140C-49E6-AB50-B973B722765D}"
EndProject
Project("{FAE04EC0-301F-11D3-BF4B-00C04F79EFBC}") = "StrategyPattern", "BehaviouralPatterns\StrategyPattern\StrategyPattern.csproj", "{A5C82700-EBD9-469B-A31C-D1BFC970F662}"
EndProject
Project("{FAE04EC0-301F-11D3-BF4B-00C04F79EFBC}") = "TemplateMethodPattern", "BehaviouralPatterns\TemplateMethodPattern\TemplateMethodPattern.csproj", "{15DE60AD-B2EE-4458-A960-C41BD7E37A4F}"
EndProject
Project("{FAE04EC0-301F-11D3-BF4B-00C04F79EFBC}") = "CommandPattern", "BehaviouralPatterns\CommandPattern\CommandPattern.csproj", "{6A7BA339-F59E-4C1B-A04F-7E33BDB42DC0}"
EndProject
Project("{FAE04EC0-301F-11D3-BF4B-00C04F79EFBC}") = "ObserverPattern", "BehaviouralPatterns\ObserverPattern\ObserverPattern.csproj", "{139626A7-261E-43DA-B7E0-28BF353A3460}"
EndProject
Global
	GlobalSection(SolutionConfigurationPlatforms) = preSolution
		Debug|Any CPU = Debug|Any CPU
		Release|Any CPU = Release|Any CPU
	EndGlobalSection
	GlobalSection(ProjectConfigurationPlatforms) = postSolution
		{DAFDB863-C88D-4850-AF5C-C875CD6345F8}.Debug|Any CPU.ActiveCfg = Debug|Any CPU
		{DAFDB863-C88D-4850-AF5C-C875CD6345F8}.Debug|Any CPU.Build.0 = Debug|Any CPU
		{DAFDB863-C88D-4850-AF5C-C875CD6345F8}.Release|Any CPU.ActiveCfg = Release|Any CPU
		{DAFDB863-C88D-4850-AF5C-C875CD6345F8}.Release|Any CPU.Build.0 = Release|Any CPU
		{2A2D11F4-DC41-4D8F-B19F-A64E6BCD1E5F}.Debug|Any CPU.ActiveCfg = Debug|Any CPU
		{2A2D11F4-DC41-4D8F-B19F-A64E6BCD1E5F}.Debug|Any CPU.Build.0 = Debug|Any CPU
		{2A2D11F4-DC41-4D8F-B19F-A64E6BCD1E5F}.Release|Any CPU.ActiveCfg = Release|Any CPU
		{2A2D11F4-DC41-4D8F-B19F-A64E6BCD1E5F}.Release|Any CPU.Build.0 = Release|Any CPU
		{09721756-140C-49E6-AB50-B973B722765D}.Debug|Any CPU.ActiveCfg = Debug|Any CPU
		{09721756-140C-49E6-AB50-B973B722765D}.Debug|Any CPU.Build.0 = Debug|Any CPU
		{09721756-140C-49E6-AB50-B973B722765D}.Release|Any CPU.ActiveCfg = Release|Any CPU
		{09721756-140C-49E6-AB50-B973B722765D}.Release|Any CPU.Build.0 = Release|Any CPU
		{A5C82700-EBD9-469B-A31C-D1BFC970F662}.Debug|Any CPU.ActiveCfg = Debug|Any CPU
		{A5C82700-EBD9-469B-A31C-D1BFC970F662}.Debug|Any CPU.Build.0 = Debug|Any CPU
		{A5C82700-EBD9-469B-A31C-D1BFC970F662}.Release|Any CPU.ActiveCfg = Release|Any CPU
		{A5C82700-EBD9-469B-A31C-D1BFC970F662}.Release|Any CPU.Build.0 = Release|Any CPU
		{15DE60AD-B2EE-4458-A960-C41BD7E37A4F}.Debug|Any CPU.ActiveCfg = Debug|Any CPU
		{15DE60AD-B2EE-4458-A960-C41BD7E37A4F}.Debug|Any CPU.Build.0 = Debug|Any CPU
		{15DE60AD-B2EE-4458-A960-C41BD7E37A4F}.Release|Any CPU.ActiveCfg = Release|Any CPU
		{15DE60AD-B2EE-4458-A960-C41BD7E37A4F}.Release|Any CPU.Build.0 = Release|Any CPU
		{6A7BA339-F59E-4C1B-A04F-7E33BDB42DC0}.Debug|Any CPU.ActiveCfg = Debug|Any CPU
		{6A7BA339-F59E-4C1B-A04F-7E33BDB42DC0}.Debug|Any CPU.Build.0 = Debug|Any CPU
		{6A7BA339-F59E-4C1B-A04F-7E33BDB42DC0}.Release|Any CPU.ActiveCfg = Release|Any CPU
		{6A7BA339-F59E-4C1B-A04F-7E33BDB42DC0}.Release|Any CPU.Build.0 = Release|Any CPU
		{139626A7-261E-43DA-B7E0-28BF353A3460}.Debug|Any CPU.ActiveCfg = Debug|Any CPU
		{139626A7-261E-43DA-B7E0-28BF353A3460}.Debug|Any CPU.Build.0 = Debug|Any CPU
		{139626A7-261E-43DA-B7E0-28BF353A3460}.Release|Any CPU.ActiveCfg = Release|Any CPU
		{139626A7-261E-43DA-B7E0-28BF353A3460}.Release|Any CPU.Build.0 = Release|Any CPU
	EndGlobalSection
	GlobalSection(SolutionProperties) = preSolution
		HideSolutionNode = FALSE
	EndGlobalSection
	GlobalSection(NestedProjects) = preSolution
		{DAFDB863-C88D-4850-AF5C-C875CD6345F8} = {E9F2BE61-3E77-4442-BFE4-2981F74586D1}
		{2A2D11F4-DC41-4D8F-B19F-A64E6BCD1E5F} = {E9F2BE61-3E77-4442-BFE4-2981F74586D1}
		{09721756-140C-49E6-AB50-B973B722765D} = {E9F2BE61-3E77-4442-BFE4-2981F74586D1}
		{A5C82700-EBD9-469B-A31C-D1BFC970F662} = {E9F2BE61-3E77-4442-BFE4-2981F74586D1}
		{15DE60AD-B2EE-4458-A960-C41BD7E37A4F} = {E9F2BE61-3E77-4442-BFE4-2981F74586D1}
		{6A7BA339-F59E-4C1B-A04F-7E33BDB42DC0} = {E9F2BE61-3E77-4442-BFE4-2981F74586D1}
		{139626A7-261E-43DA-B7E0-28BF353A3460} = {E9F2BE61-3E77-4442-BFE4-2981F74586D1}
	EndGlobalSection
	GlobalSection(ExtensibilityGlobals) = postSolution
		SolutionGuid = {BACF3086-D803-4AFA-9CF8-4C2B98D3E4F6}
	EndGlobalSection
EndGlobal
